<?xml version="1.0" encoding="utf-8"?>
<Project ToolsVersion="4.0" xmlns="http://schemas.microsoft.com/developer/msbuild/2003">
  <ItemGroup>
    <Filter Include="Source Files">
      <UniqueIdentifier>{96ea54bd-92bd-4366-9a4e-bf1f7106d669}</UniqueIdentifier>
      <Extensions>cpp;c;cxx;rc;def;r;odl;idl;hpj;bat</Extensions>
    </Filter>
    <Filter Include="Header Files">
      <UniqueIdentifier>{23284899-5d8a-49ca-9765-0e950fb243b0}</UniqueIdentifier>
      <Extensions>h;hpp;hxx;hm;inl</Extensions>
    </Filter>
    <Filter Include="Resource Files">
      <UniqueIdentifier>{1f0320b5-1c16-472d-97f9-aab91660ce39}</UniqueIdentifier>
      <Extensions>ico;cur;bmp;dlg;rc2;rct;bin;rgs;gif;jpg;jpeg;jpe</Extensions>
    </Filter>
  </ItemGroup>
  <ItemGroup>
    <ClCompile Include="CoClassSyms.cpp">
      <Filter>Source Files</Filter>
    </ClCompile>
    <ClCompile Include="com.CPP">
      <Filter>Source Files</Filter>
    </ClCompile>
    <ClCompile Include="Stringify.cpp">
      <Filter>Source Files</Filter>
    </ClCompile>
  </ItemGroup>
  <ItemGroup>
    <ClInclude Include="CoClassSyms.h">
      <Filter>Header Files</Filter>
    </ClInclude>
    <ClInclude Include="COM.H">
      <Filter>Header Files</Filter>
    </ClInclude>
    <ClInclude Include="Stringify.h">
      <Filter>Header Files</Filter>
    </ClInclude>
  </ItemGroup>
</Project>